
Microsoft Visual Studio Solution File, Format Version 12.00
# Visual Studio Version 17
VisualStudioVersion = 17.3.32929.385
MinimumVisualStudioVersion = 10.0.40219.1
Project("{FAE04EC0-301F-11D3-BF4B-00C04F79EFBC}") = "ChapterFS11", "ChapterFS11\ChapterFS11.csproj", "{28E7CC72-B049-44A9-9E49-E21391500F0C}"
EndProject
Global
	GlobalSection(SolutionConfigurationPlatforms) = preSolution
		Debug|Any CPU = Debug|Any CPU
		Release|Any CPU = Release|Any CPU
	EndGlobalSection
	GlobalSection(ProjectConfigurationPlatforms) = postSolution
		{28E7CC72-B049-44A9-9E49-E21391500F0C}.Debug|Any CPU.ActiveCfg = Debug|Any CPU
		{28E7CC72-B049-44A9-9E49-E21391500F0C}.Debug|Any CPU.Build.0 = Debug|Any CPU
		{28E7CC72-B049-44A9-9E49-E21391500F0C}.Release|Any CPU.ActiveCfg = Release|Any CPU
		{28E7CC72-B049-44A9-9E49-E21391500F0C}.Release|Any CPU.Build.0 = Release|Any CPU
	EndGlobalSection
	GlobalSection(SolutionProperties) = preSolution
		HideSolutionNode = FALSE
	EndGlobalSection
	GlobalSection(ExtensibilityGlobals) = postSolution
		SolutionGuid = {BB3B1E29-36B7-4C79-9BEE-8211E4956D50}
	EndGlobalSection
EndGlobal
